
Microsoft Visual Studio Solution File, Format Version 12.00
# Visual Studio Version 17
VisualStudioVersion = 17.0.32112.339
MinimumVisualStudioVersion = 10.0.40219.1
Project("{9A19103F-16F7-4668-BE54-9A1E7A4F7556}") = "UI", "UI\UI.csproj", "{8AD6CC25-D139-4855-BB35-371BE5505999}"
EndProject
Project("{9A19103F-16F7-4668-BE54-9A1E7A4F7556}") = "Extensions", "Extensions\Extensions.csproj", "{C7E8ED31-B9D8-4BC2-B037-A27D10433A27}"
EndProject
Project("{9A19103F-16F7-4668-BE54-9A1E7A4F7556}") = "Manager", "Manager\Manager.csproj", "{2F2D2D5A-2360-421A-9800-AB7FBAF2ED5B}"
EndProject
Global
	GlobalSection(SolutionConfigurationPlatforms) = preSolution
		Debug|Any CPU = Debug|Any CPU
		Release|Any CPU = Release|Any CPU
	EndGlobalSection
	GlobalSection(ProjectConfigurationPlatforms) = postSolution
		{8AD6CC25-D139-4855-BB35-371BE5505999}.Debug|Any CPU.ActiveCfg = Debug|Any CPU
		{8AD6CC25-D139-4855-BB35-371BE5505999}.Debug|Any CPU.Build.0 = Debug|Any CPU
		{8AD6CC25-D139-4855-BB35-371BE5505999}.Release|Any CPU.ActiveCfg = Release|Any CPU
		{8AD6CC25-D139-4855-BB35-371BE5505999}.Release|Any CPU.Build.0 = Release|Any CPU
		{C7E8ED31-B9D8-4BC2-B037-A27D10433A27}.Debug|Any CPU.ActiveCfg = Debug|Any CPU
		{C7E8ED31-B9D8-4BC2-B037-A27D10433A27}.Debug|Any CPU.Build.0 = Debug|Any CPU
		{C7E8ED31-B9D8-4BC2-B037-A27D10433A27}.Release|Any CPU.ActiveCfg = Release|Any CPU
		{C7E8ED31-B9D8-4BC2-B037-A27D10433A27}.Release|Any CPU.Build.0 = Release|Any CPU
		{2F2D2D5A-2360-421A-9800-AB7FBAF2ED5B}.Debug|Any CPU.ActiveCfg = Debug|Any CPU
		{2F2D2D5A-2360-421A-9800-AB7FBAF2ED5B}.Debug|Any CPU.Build.0 = Debug|Any CPU
		{2F2D2D5A-2360-421A-9800-AB7FBAF2ED5B}.Release|Any CPU.ActiveCfg = Release|Any CPU
		{2F2D2D5A-2360-421A-9800-AB7FBAF2ED5B}.Release|Any CPU.Build.0 = Release|Any CPU
	EndGlobalSection
	GlobalSection(SolutionProperties) = preSolution
		HideSolutionNode = FALSE
	EndGlobalSection
	GlobalSection(ExtensibilityGlobals) = postSolution
		SolutionGuid = {27EEF7F7-BE85-4044-8BC2-A3AC0C84AFC3}
	EndGlobalSection
EndGlobal
