
Microsoft Visual Studio Solution File, Format Version 12.00
# Visual Studio Version 17
VisualStudioVersion = 17.0.32112.339
MinimumVisualStudioVersion = 10.0.40219.1
Project("{9A19103F-16F7-4668-BE54-9A1E7A4F7556}") = "CubeTools UI", "CubeTools UI\CubeTools UI.csproj", "{8AD6CC25-D139-4855-BB35-371BE5505999}"
EndProject
Project("{2150E333-8FDC-42A3-9474-1A3956D46DE8}") = "Extensions", "Extensions", "{6A425503-CC7A-4E7E-BD77-3F309E699AB7}"
EndProject
Project("{2150E333-8FDC-42A3-9474-1A3956D46DE8}") = "Manager", "Manager", "{8A4B4CB3-ED90-4092-9777-B2A9DF003BAF}"
EndProject
Project("{FAE04EC0-301F-11D3-BF4B-00C04F79EFBC}") = "CubeTools CLI", "CubeTools CLI\CubeTools CLI.csproj", "{BB29A444-0D5B-4334-B9CE-D490C46494B5}"
EndProject
Project("{FAE04EC0-301F-11D3-BF4B-00C04F79EFBC}") = "LibraryFTP", "Extensions\LibraryFTP\LibraryFTP.csproj", "{E45E02E3-B183-40BF-8DA3-831EA03E31E8}"
EndProject
Project("{FAE04EC0-301F-11D3-BF4B-00C04F79EFBC}") = "Tests", "Manager\Tests\Tests.csproj", "{77C78EFC-E092-41C1-A2A3-3F0B0CF3EA81}"
EndProject
Project("{FAE04EC0-301F-11D3-BF4B-00C04F79EFBC}") = "LibraryGoogleDrive", "Extensions\LibraryGoogleDrive\LibraryGoogleDrive.csproj", "{4FB974D3-E4CA-4682-A568-1E9793902B8C}"
EndProject
Project("{FAE04EC0-301F-11D3-BF4B-00C04F79EFBC}") = "ConfigLoader", "ConfigLoader\ConfigLoader.csproj", "{A1F66610-8324-41C3-830E-F57DFBEC46A4}"
EndProject
Project("{FAE04EC0-301F-11D3-BF4B-00C04F79EFBC}") = "Library", "Manager\Library\Library.csproj", "{FECBCDA9-10AE-48A1-AE34-89ECA52EF0BA}"
EndProject
Project("{FAE04EC0-301F-11D3-BF4B-00C04F79EFBC}") = "LogErrors", "LogErrors\LogErrors.csproj", "{8BCFF48E-0F04-4895-AA76-A15CC0CC8766}"
EndProject
Project("{FAE04EC0-301F-11D3-BF4B-00C04F79EFBC}") = "LibraryOnedrive", "Extensions\LibraryOneDrive\LibraryOnedrive.csproj", "{ABED6D1B-AD76-45EE-82B2-8E76B6672F8E}"
EndProject
Project("{FAE04EC0-301F-11D3-BF4B-00C04F79EFBC}") = "LibraryCompression", "Extensions\LibraryCompression\LibraryCompression.csproj", "{B8333A48-366E-469D-93CA-DB1F2128E555}"
EndProject
Project("{FAE04EC0-301F-11D3-BF4B-00C04F79EFBC}") = "InitLoader", "InitLoader\InitLoader.csproj", "{B6641EF0-9E26-4A20-9CFD-205EA27F38A1}"
EndProject
Project("{2150E333-8FDC-42A3-9474-1A3956D46DE8}") = "Loader", "Loader", "{349AA59D-E8CB-4F29-B98A-AD5BE5E79352}"
EndProject
Global
	GlobalSection(SolutionConfigurationPlatforms) = preSolution
		Debug|Any CPU = Debug|Any CPU
		Release|Any CPU = Release|Any CPU
	EndGlobalSection
	GlobalSection(ProjectConfigurationPlatforms) = postSolution
		{8AD6CC25-D139-4855-BB35-371BE5505999}.Debug|Any CPU.ActiveCfg = Debug|Any CPU
		{8AD6CC25-D139-4855-BB35-371BE5505999}.Debug|Any CPU.Build.0 = Debug|Any CPU
		{8AD6CC25-D139-4855-BB35-371BE5505999}.Release|Any CPU.ActiveCfg = Release|Any CPU
		{8AD6CC25-D139-4855-BB35-371BE5505999}.Release|Any CPU.Build.0 = Release|Any CPU
		{BB29A444-0D5B-4334-B9CE-D490C46494B5}.Debug|Any CPU.ActiveCfg = Debug|Any CPU
		{BB29A444-0D5B-4334-B9CE-D490C46494B5}.Debug|Any CPU.Build.0 = Debug|Any CPU
		{BB29A444-0D5B-4334-B9CE-D490C46494B5}.Release|Any CPU.ActiveCfg = Release|Any CPU
		{BB29A444-0D5B-4334-B9CE-D490C46494B5}.Release|Any CPU.Build.0 = Release|Any CPU
		{E45E02E3-B183-40BF-8DA3-831EA03E31E8}.Debug|Any CPU.ActiveCfg = Debug|Any CPU
		{E45E02E3-B183-40BF-8DA3-831EA03E31E8}.Debug|Any CPU.Build.0 = Debug|Any CPU
		{E45E02E3-B183-40BF-8DA3-831EA03E31E8}.Release|Any CPU.ActiveCfg = Release|Any CPU
		{E45E02E3-B183-40BF-8DA3-831EA03E31E8}.Release|Any CPU.Build.0 = Release|Any CPU
		{77C78EFC-E092-41C1-A2A3-3F0B0CF3EA81}.Debug|Any CPU.ActiveCfg = Debug|Any CPU
		{77C78EFC-E092-41C1-A2A3-3F0B0CF3EA81}.Debug|Any CPU.Build.0 = Debug|Any CPU
		{77C78EFC-E092-41C1-A2A3-3F0B0CF3EA81}.Release|Any CPU.ActiveCfg = Release|Any CPU
		{77C78EFC-E092-41C1-A2A3-3F0B0CF3EA81}.Release|Any CPU.Build.0 = Release|Any CPU
		{4FB974D3-E4CA-4682-A568-1E9793902B8C}.Debug|Any CPU.ActiveCfg = Debug|Any CPU
		{4FB974D3-E4CA-4682-A568-1E9793902B8C}.Debug|Any CPU.Build.0 = Debug|Any CPU
		{4FB974D3-E4CA-4682-A568-1E9793902B8C}.Release|Any CPU.ActiveCfg = Release|Any CPU
		{4FB974D3-E4CA-4682-A568-1E9793902B8C}.Release|Any CPU.Build.0 = Release|Any CPU
		{A1F66610-8324-41C3-830E-F57DFBEC46A4}.Debug|Any CPU.ActiveCfg = Debug|Any CPU
		{A1F66610-8324-41C3-830E-F57DFBEC46A4}.Debug|Any CPU.Build.0 = Debug|Any CPU
		{A1F66610-8324-41C3-830E-F57DFBEC46A4}.Release|Any CPU.ActiveCfg = Release|Any CPU
		{A1F66610-8324-41C3-830E-F57DFBEC46A4}.Release|Any CPU.Build.0 = Release|Any CPU
		{FECBCDA9-10AE-48A1-AE34-89ECA52EF0BA}.Debug|Any CPU.ActiveCfg = Debug|Any CPU
		{FECBCDA9-10AE-48A1-AE34-89ECA52EF0BA}.Debug|Any CPU.Build.0 = Debug|Any CPU
		{FECBCDA9-10AE-48A1-AE34-89ECA52EF0BA}.Release|Any CPU.ActiveCfg = Release|Any CPU
		{FECBCDA9-10AE-48A1-AE34-89ECA52EF0BA}.Release|Any CPU.Build.0 = Release|Any CPU
		{8BCFF48E-0F04-4895-AA76-A15CC0CC8766}.Debug|Any CPU.ActiveCfg = Debug|Any CPU
		{8BCFF48E-0F04-4895-AA76-A15CC0CC8766}.Debug|Any CPU.Build.0 = Debug|Any CPU
		{8BCFF48E-0F04-4895-AA76-A15CC0CC8766}.Release|Any CPU.ActiveCfg = Release|Any CPU
		{8BCFF48E-0F04-4895-AA76-A15CC0CC8766}.Release|Any CPU.Build.0 = Release|Any CPU
		{ABED6D1B-AD76-45EE-82B2-8E76B6672F8E}.Debug|Any CPU.ActiveCfg = Debug|Any CPU
		{ABED6D1B-AD76-45EE-82B2-8E76B6672F8E}.Debug|Any CPU.Build.0 = Debug|Any CPU
		{ABED6D1B-AD76-45EE-82B2-8E76B6672F8E}.Release|Any CPU.ActiveCfg = Release|Any CPU
		{ABED6D1B-AD76-45EE-82B2-8E76B6672F8E}.Release|Any CPU.Build.0 = Release|Any CPU
		{B8333A48-366E-469D-93CA-DB1F2128E555}.Debug|Any CPU.ActiveCfg = Debug|Any CPU
		{B8333A48-366E-469D-93CA-DB1F2128E555}.Debug|Any CPU.Build.0 = Debug|Any CPU
		{B8333A48-366E-469D-93CA-DB1F2128E555}.Release|Any CPU.ActiveCfg = Release|Any CPU
		{B8333A48-366E-469D-93CA-DB1F2128E555}.Release|Any CPU.Build.0 = Release|Any CPU
		{B6641EF0-9E26-4A20-9CFD-205EA27F38A1}.Debug|Any CPU.ActiveCfg = Debug|Any CPU
		{B6641EF0-9E26-4A20-9CFD-205EA27F38A1}.Debug|Any CPU.Build.0 = Debug|Any CPU
		{B6641EF0-9E26-4A20-9CFD-205EA27F38A1}.Release|Any CPU.ActiveCfg = Release|Any CPU
		{B6641EF0-9E26-4A20-9CFD-205EA27F38A1}.Release|Any CPU.Build.0 = Release|Any CPU
	EndGlobalSection
	GlobalSection(SolutionProperties) = preSolution
		HideSolutionNode = FALSE
	EndGlobalSection
	GlobalSection(ExtensibilityGlobals) = postSolution
		SolutionGuid = {27EEF7F7-BE85-4044-8BC2-A3AC0C84AFC3}
	EndGlobalSection
	GlobalSection(NestedProjects) = preSolution
		{E45E02E3-B183-40BF-8DA3-831EA03E31E8} = {6A425503-CC7A-4E7E-BD77-3F309E699AB7}
		{77C78EFC-E092-41C1-A2A3-3F0B0CF3EA81} = {8A4B4CB3-ED90-4092-9777-B2A9DF003BAF}
		{4FB974D3-E4CA-4682-A568-1E9793902B8C} = {6A425503-CC7A-4E7E-BD77-3F309E699AB7}
		{FECBCDA9-10AE-48A1-AE34-89ECA52EF0BA} = {8A4B4CB3-ED90-4092-9777-B2A9DF003BAF}
		{ABED6D1B-AD76-45EE-82B2-8E76B6672F8E} = {6A425503-CC7A-4E7E-BD77-3F309E699AB7}
		{B8333A48-366E-469D-93CA-DB1F2128E555} = {6A425503-CC7A-4E7E-BD77-3F309E699AB7}
		{A1F66610-8324-41C3-830E-F57DFBEC46A4} = {349AA59D-E8CB-4F29-B98A-AD5BE5E79352}
		{B6641EF0-9E26-4A20-9CFD-205EA27F38A1} = {349AA59D-E8CB-4F29-B98A-AD5BE5E79352}
	EndGlobalSection
EndGlobal
