
Microsoft Visual Studio Solution File, Format Version 12.00
# Visual Studio Version 17
VisualStudioVersion = 17.0.32112.339
MinimumVisualStudioVersion = 10.0.40219.1
Project("{9A19103F-16F7-4668-BE54-9A1E7A4F7556}") = "Ui", "Ui\Ui.csproj", "{8AD6CC25-D139-4855-BB35-371BE5505999}"
EndProject
Project("{FAE04EC0-301F-11D3-BF4B-00C04F79EFBC}") = "Cli", "Cli\Cli.csproj", "{BB29A444-0D5B-4334-B9CE-D490C46494B5}"
EndProject
Project("{FAE04EC0-301F-11D3-BF4B-00C04F79EFBC}") = "ConfigLoader", "ConfigLoader\ConfigLoader.csproj", "{A1F66610-8324-41C3-830E-F57DFBEC46A4}"
EndProject
Project("{FAE04EC0-301F-11D3-BF4B-00C04F79EFBC}") = "LogErrors", "LogErrors\LogErrors.csproj", "{8BCFF48E-0F04-4895-AA76-A15CC0CC8766}"
EndProject
Project("{FAE04EC0-301F-11D3-BF4B-00C04F79EFBC}") = "InitLoader", "InitLoader\InitLoader.csproj", "{B6641EF0-9E26-4A20-9CFD-205EA27F38A1}"
EndProject
Project("{2150E333-8FDC-42A3-9474-1A3956D46DE8}") = "Loader", "Loader", "{349AA59D-E8CB-4F29-B98A-AD5BE5E79352}"
EndProject
Project("{FAE04EC0-301F-11D3-BF4B-00C04F79EFBC}") = "ResourcesLoader", "ResourcesLoader\ResourcesLoader.csproj", "{13D8FA94-30DC-45E9-82DE-0B7D9E9D6F89}"
EndProject
Project("{FAE04EC0-301F-11D3-BF4B-00C04F79EFBC}") = "Library", "Library\Library.csproj", "{34B57BDC-5D8B-4F30-A8EC-581C3FD62923}"
EndProject
Project("{FAE04EC0-301F-11D3-BF4B-00C04F79EFBC}") = "LibraryCompression", "LibraryCompression\LibraryCompression.csproj", "{EFF7B1F0-E30D-4236-A64A-492FADBC8B84}"
EndProject
Global
	GlobalSection(SolutionConfigurationPlatforms) = preSolution
		Debug|Any CPU = Debug|Any CPU
		Release|Any CPU = Release|Any CPU
	EndGlobalSection
	GlobalSection(ProjectConfigurationPlatforms) = postSolution
		{8AD6CC25-D139-4855-BB35-371BE5505999}.Debug|Any CPU.ActiveCfg = Debug|Any CPU
		{8AD6CC25-D139-4855-BB35-371BE5505999}.Debug|Any CPU.Build.0 = Debug|Any CPU
		{8AD6CC25-D139-4855-BB35-371BE5505999}.Release|Any CPU.ActiveCfg = Release|Any CPU
		{8AD6CC25-D139-4855-BB35-371BE5505999}.Release|Any CPU.Build.0 = Release|Any CPU
		{BB29A444-0D5B-4334-B9CE-D490C46494B5}.Debug|Any CPU.ActiveCfg = Debug|Any CPU
		{BB29A444-0D5B-4334-B9CE-D490C46494B5}.Debug|Any CPU.Build.0 = Debug|Any CPU
		{BB29A444-0D5B-4334-B9CE-D490C46494B5}.Release|Any CPU.ActiveCfg = Release|Any CPU
		{BB29A444-0D5B-4334-B9CE-D490C46494B5}.Release|Any CPU.Build.0 = Release|Any CPU
		{A1F66610-8324-41C3-830E-F57DFBEC46A4}.Debug|Any CPU.ActiveCfg = Debug|Any CPU
		{A1F66610-8324-41C3-830E-F57DFBEC46A4}.Debug|Any CPU.Build.0 = Debug|Any CPU
		{A1F66610-8324-41C3-830E-F57DFBEC46A4}.Release|Any CPU.ActiveCfg = Release|Any CPU
		{A1F66610-8324-41C3-830E-F57DFBEC46A4}.Release|Any CPU.Build.0 = Release|Any CPU
		{8BCFF48E-0F04-4895-AA76-A15CC0CC8766}.Debug|Any CPU.ActiveCfg = Debug|Any CPU
		{8BCFF48E-0F04-4895-AA76-A15CC0CC8766}.Debug|Any CPU.Build.0 = Debug|Any CPU
		{8BCFF48E-0F04-4895-AA76-A15CC0CC8766}.Release|Any CPU.ActiveCfg = Release|Any CPU
		{8BCFF48E-0F04-4895-AA76-A15CC0CC8766}.Release|Any CPU.Build.0 = Release|Any CPU
		{B6641EF0-9E26-4A20-9CFD-205EA27F38A1}.Debug|Any CPU.ActiveCfg = Debug|Any CPU
		{B6641EF0-9E26-4A20-9CFD-205EA27F38A1}.Debug|Any CPU.Build.0 = Debug|Any CPU
		{B6641EF0-9E26-4A20-9CFD-205EA27F38A1}.Release|Any CPU.ActiveCfg = Release|Any CPU
		{B6641EF0-9E26-4A20-9CFD-205EA27F38A1}.Release|Any CPU.Build.0 = Release|Any CPU
		{13D8FA94-30DC-45E9-82DE-0B7D9E9D6F89}.Debug|Any CPU.ActiveCfg = Debug|Any CPU
		{13D8FA94-30DC-45E9-82DE-0B7D9E9D6F89}.Debug|Any CPU.Build.0 = Debug|Any CPU
		{13D8FA94-30DC-45E9-82DE-0B7D9E9D6F89}.Release|Any CPU.ActiveCfg = Release|Any CPU
		{13D8FA94-30DC-45E9-82DE-0B7D9E9D6F89}.Release|Any CPU.Build.0 = Release|Any CPU
		{34B57BDC-5D8B-4F30-A8EC-581C3FD62923}.Debug|Any CPU.ActiveCfg = Debug|Any CPU
		{34B57BDC-5D8B-4F30-A8EC-581C3FD62923}.Debug|Any CPU.Build.0 = Debug|Any CPU
		{34B57BDC-5D8B-4F30-A8EC-581C3FD62923}.Release|Any CPU.ActiveCfg = Release|Any CPU
		{34B57BDC-5D8B-4F30-A8EC-581C3FD62923}.Release|Any CPU.Build.0 = Release|Any CPU
		{EFF7B1F0-E30D-4236-A64A-492FADBC8B84}.Debug|Any CPU.ActiveCfg = Debug|Any CPU
		{EFF7B1F0-E30D-4236-A64A-492FADBC8B84}.Debug|Any CPU.Build.0 = Debug|Any CPU
		{EFF7B1F0-E30D-4236-A64A-492FADBC8B84}.Release|Any CPU.ActiveCfg = Release|Any CPU
		{EFF7B1F0-E30D-4236-A64A-492FADBC8B84}.Release|Any CPU.Build.0 = Release|Any CPU
	EndGlobalSection
	GlobalSection(SolutionProperties) = preSolution
		HideSolutionNode = FALSE
	EndGlobalSection
	GlobalSection(ExtensibilityGlobals) = postSolution
		SolutionGuid = {27EEF7F7-BE85-4044-8BC2-A3AC0C84AFC3}
	EndGlobalSection
	GlobalSection(NestedProjects) = preSolution
		{A1F66610-8324-41C3-830E-F57DFBEC46A4} = {349AA59D-E8CB-4F29-B98A-AD5BE5E79352}
		{B6641EF0-9E26-4A20-9CFD-205EA27F38A1} = {349AA59D-E8CB-4F29-B98A-AD5BE5E79352}
		{13D8FA94-30DC-45E9-82DE-0B7D9E9D6F89} = {349AA59D-E8CB-4F29-B98A-AD5BE5E79352}
	EndGlobalSection
EndGlobal
